
Microsoft Visual Studio Solution File, Format Version 11.00
# Visual Studio 2010
Project("{2150E333-8FDC-42A3-9474-1A3956D46DE8}") = "2. Core Service Layer", "2. Core Service Layer", "{3AD53C5D-6319-4B4B-827E-91663565B5D3}"
EndProject
Project("{2150E333-8FDC-42A3-9474-1A3956D46DE8}") = "3. Business Layer", "3. Business Layer", "{02421347-838D-406A-BF23-1842C3A9CAFD}"
EndProject
Project("{2150E333-8FDC-42A3-9474-1A3956D46DE8}") = "1. Presentation", "1. Presentation", "{87916303-6EFE-4F9A-A961-9C3A3ABD3D28}"
EndProject
Project("{2150E333-8FDC-42A3-9474-1A3956D46DE8}") = "4. Data Access Layer", "4. Data Access Layer", "{F7A11F7E-53E0-48F3-B9FA-F22AAE8A8D91}"
EndProject
Project("{2150E333-8FDC-42A3-9474-1A3956D46DE8}") = "5. Tests", "5. Tests", "{0DA986DB-BB4E-446C-A8BA-24FDA4243277}"
EndProject
Project("{FAE04EC0-301F-11D3-BF4B-00C04F79EFBC}") = "NiCris.CoreServices", "NiCris.CoreServices\NiCris.CoreServices.csproj", "{C70BD631-2D71-4A67-A1AA-636FD72E9854}"
EndProject
Project("{FAE04EC0-301F-11D3-BF4B-00C04F79EFBC}") = "NiCris.BusinessObjects", "NiCris.BusinessObjects\NiCris.BusinessObjects.csproj", "{13F5DBD9-DC19-4B7B-8169-A0B196A28075}"
EndProject
Project("{FAE04EC0-301F-11D3-BF4B-00C04F79EFBC}") = "NiCris.DataAccess", "NiCris.DataAccess\NiCris.DataAccess.csproj", "{95A24AF0-831D-402B-9D73-ED86FBE9F3F1}"
EndProject
Project("{FAE04EC0-301F-11D3-BF4B-00C04F79EFBC}") = "NiCris.Core", "NiCris.Core\NiCris.Core.csproj", "{31921965-E54C-40F7-8A3B-87EA9B2B284B}"
EndProject
Project("{FAE04EC0-301F-11D3-BF4B-00C04F79EFBC}") = "NiCris.UnitTests", "NiCris.UnitTests\NiCris.UnitTests.csproj", "{CDAEF610-036E-4C16-A324-52C286642CC8}"
EndProject
Project("{FAE04EC0-301F-11D3-BF4B-00C04F79EFBC}") = "NiCris.IntegTests", "NiCris.IntegTests\NiCris.IntegTests.csproj", "{69DE6E91-84C0-4C80-8AB3-A867A32847BD}"
EndProject
Project("{FAE04EC0-301F-11D3-BF4B-00C04F79EFBC}") = "NiCris.Web", "NiCris.Web\NiCris.Web.csproj", "{5742AB04-C9F9-4072-85AE-99E0E8A20845}"
EndProject
Project("{FAE04EC0-301F-11D3-BF4B-00C04F79EFBC}") = "NiCris.Web.ConsoleTester", "NiCris.Web.ConsoleTester\NiCris.Web.ConsoleTester.csproj", "{9A645545-C07A-4C9C-8B45-E4031C81E9ED}"
EndProject
Global
	GlobalSection(SolutionConfigurationPlatforms) = preSolution
		Debug|Any CPU = Debug|Any CPU
		Debug|Mixed Platforms = Debug|Mixed Platforms
		Debug|x86 = Debug|x86
		Release|Any CPU = Release|Any CPU
		Release|Mixed Platforms = Release|Mixed Platforms
		Release|x86 = Release|x86
	EndGlobalSection
	GlobalSection(ProjectConfigurationPlatforms) = postSolution
		{C70BD631-2D71-4A67-A1AA-636FD72E9854}.Debug|Any CPU.ActiveCfg = Debug|Any CPU
		{C70BD631-2D71-4A67-A1AA-636FD72E9854}.Debug|Any CPU.Build.0 = Debug|Any CPU
		{C70BD631-2D71-4A67-A1AA-636FD72E9854}.Debug|Mixed Platforms.ActiveCfg = Debug|Any CPU
		{C70BD631-2D71-4A67-A1AA-636FD72E9854}.Debug|Mixed Platforms.Build.0 = Debug|Any CPU
		{C70BD631-2D71-4A67-A1AA-636FD72E9854}.Debug|x86.ActiveCfg = Debug|Any CPU
		{C70BD631-2D71-4A67-A1AA-636FD72E9854}.Release|Any CPU.ActiveCfg = Release|Any CPU
		{C70BD631-2D71-4A67-A1AA-636FD72E9854}.Release|Any CPU.Build.0 = Release|Any CPU
		{C70BD631-2D71-4A67-A1AA-636FD72E9854}.Release|Mixed Platforms.ActiveCfg = Release|Any CPU
		{C70BD631-2D71-4A67-A1AA-636FD72E9854}.Release|Mixed Platforms.Build.0 = Release|Any CPU
		{C70BD631-2D71-4A67-A1AA-636FD72E9854}.Release|x86.ActiveCfg = Release|Any CPU
		{13F5DBD9-DC19-4B7B-8169-A0B196A28075}.Debug|Any CPU.ActiveCfg = Debug|Any CPU
		{13F5DBD9-DC19-4B7B-8169-A0B196A28075}.Debug|Any CPU.Build.0 = Debug|Any CPU
		{13F5DBD9-DC19-4B7B-8169-A0B196A28075}.Debug|Mixed Platforms.ActiveCfg = Debug|Any CPU
		{13F5DBD9-DC19-4B7B-8169-A0B196A28075}.Debug|Mixed Platforms.Build.0 = Debug|Any CPU
		{13F5DBD9-DC19-4B7B-8169-A0B196A28075}.Debug|x86.ActiveCfg = Debug|Any CPU
		{13F5DBD9-DC19-4B7B-8169-A0B196A28075}.Release|Any CPU.ActiveCfg = Release|Any CPU
		{13F5DBD9-DC19-4B7B-8169-A0B196A28075}.Release|Any CPU.Build.0 = Release|Any CPU
		{13F5DBD9-DC19-4B7B-8169-A0B196A28075}.Release|Mixed Platforms.ActiveCfg = Release|Any CPU
		{13F5DBD9-DC19-4B7B-8169-A0B196A28075}.Release|Mixed Platforms.Build.0 = Release|Any CPU
		{13F5DBD9-DC19-4B7B-8169-A0B196A28075}.Release|x86.ActiveCfg = Release|Any CPU
		{95A24AF0-831D-402B-9D73-ED86FBE9F3F1}.Debug|Any CPU.ActiveCfg = Debug|Any CPU
		{95A24AF0-831D-402B-9D73-ED86FBE9F3F1}.Debug|Any CPU.Build.0 = Debug|Any CPU
		{95A24AF0-831D-402B-9D73-ED86FBE9F3F1}.Debug|Mixed Platforms.ActiveCfg = Debug|Any CPU
		{95A24AF0-831D-402B-9D73-ED86FBE9F3F1}.Debug|Mixed Platforms.Build.0 = Debug|Any CPU
		{95A24AF0-831D-402B-9D73-ED86FBE9F3F1}.Debug|x86.ActiveCfg = Debug|Any CPU
		{95A24AF0-831D-402B-9D73-ED86FBE9F3F1}.Release|Any CPU.ActiveCfg = Release|Any CPU
		{95A24AF0-831D-402B-9D73-ED86FBE9F3F1}.Release|Any CPU.Build.0 = Release|Any CPU
		{95A24AF0-831D-402B-9D73-ED86FBE9F3F1}.Release|Mixed Platforms.ActiveCfg = Release|Any CPU
		{95A24AF0-831D-402B-9D73-ED86FBE9F3F1}.Release|Mixed Platforms.Build.0 = Release|Any CPU
		{95A24AF0-831D-402B-9D73-ED86FBE9F3F1}.Release|x86.ActiveCfg = Release|Any CPU
		{31921965-E54C-40F7-8A3B-87EA9B2B284B}.Debug|Any CPU.ActiveCfg = Debug|Any CPU
		{31921965-E54C-40F7-8A3B-87EA9B2B284B}.Debug|Any CPU.Build.0 = Debug|Any CPU
		{31921965-E54C-40F7-8A3B-87EA9B2B284B}.Debug|Mixed Platforms.ActiveCfg = Debug|Any CPU
		{31921965-E54C-40F7-8A3B-87EA9B2B284B}.Debug|Mixed Platforms.Build.0 = Debug|Any CPU
		{31921965-E54C-40F7-8A3B-87EA9B2B284B}.Debug|x86.ActiveCfg = Debug|Any CPU
		{31921965-E54C-40F7-8A3B-87EA9B2B284B}.Release|Any CPU.ActiveCfg = Release|Any CPU
		{31921965-E54C-40F7-8A3B-87EA9B2B284B}.Release|Any CPU.Build.0 = Release|Any CPU
		{31921965-E54C-40F7-8A3B-87EA9B2B284B}.Release|Mixed Platforms.ActiveCfg = Release|Any CPU
		{31921965-E54C-40F7-8A3B-87EA9B2B284B}.Release|Mixed Platforms.Build.0 = Release|Any CPU
		{31921965-E54C-40F7-8A3B-87EA9B2B284B}.Release|x86.ActiveCfg = Release|Any CPU
		{CDAEF610-036E-4C16-A324-52C286642CC8}.Debug|Any CPU.ActiveCfg = Debug|Any CPU
		{CDAEF610-036E-4C16-A324-52C286642CC8}.Debug|Any CPU.Build.0 = Debug|Any CPU
		{CDAEF610-036E-4C16-A324-52C286642CC8}.Debug|Mixed Platforms.ActiveCfg = Debug|Any CPU
		{CDAEF610-036E-4C16-A324-52C286642CC8}.Debug|Mixed Platforms.Build.0 = Debug|Any CPU
		{CDAEF610-036E-4C16-A324-52C286642CC8}.Debug|x86.ActiveCfg = Debug|Any CPU
		{CDAEF610-036E-4C16-A324-52C286642CC8}.Release|Any CPU.ActiveCfg = Release|Any CPU
		{CDAEF610-036E-4C16-A324-52C286642CC8}.Release|Any CPU.Build.0 = Release|Any CPU
		{CDAEF610-036E-4C16-A324-52C286642CC8}.Release|Mixed Platforms.ActiveCfg = Release|Any CPU
		{CDAEF610-036E-4C16-A324-52C286642CC8}.Release|Mixed Platforms.Build.0 = Release|Any CPU
		{CDAEF610-036E-4C16-A324-52C286642CC8}.Release|x86.ActiveCfg = Release|Any CPU
		{69DE6E91-84C0-4C80-8AB3-A867A32847BD}.Debug|Any CPU.ActiveCfg = Debug|Any CPU
		{69DE6E91-84C0-4C80-8AB3-A867A32847BD}.Debug|Any CPU.Build.0 = Debug|Any CPU
		{69DE6E91-84C0-4C80-8AB3-A867A32847BD}.Debug|Mixed Platforms.ActiveCfg = Debug|Any CPU
		{69DE6E91-84C0-4C80-8AB3-A867A32847BD}.Debug|Mixed Platforms.Build.0 = Debug|Any CPU
		{69DE6E91-84C0-4C80-8AB3-A867A32847BD}.Debug|x86.ActiveCfg = Debug|Any CPU
		{69DE6E91-84C0-4C80-8AB3-A867A32847BD}.Release|Any CPU.ActiveCfg = Release|Any CPU
		{69DE6E91-84C0-4C80-8AB3-A867A32847BD}.Release|Any CPU.Build.0 = Release|Any CPU
		{69DE6E91-84C0-4C80-8AB3-A867A32847BD}.Release|Mixed Platforms.ActiveCfg = Release|Any CPU
		{69DE6E91-84C0-4C80-8AB3-A867A32847BD}.Release|Mixed Platforms.Build.0 = Release|Any CPU
		{69DE6E91-84C0-4C80-8AB3-A867A32847BD}.Release|x86.ActiveCfg = Release|Any CPU
		{5742AB04-C9F9-4072-85AE-99E0E8A20845}.Debug|Any CPU.ActiveCfg = Debug|Any CPU
		{5742AB04-C9F9-4072-85AE-99E0E8A20845}.Debug|Any CPU.Build.0 = Debug|Any CPU
		{5742AB04-C9F9-4072-85AE-99E0E8A20845}.Debug|Mixed Platforms.ActiveCfg = Debug|Any CPU
		{5742AB04-C9F9-4072-85AE-99E0E8A20845}.Debug|Mixed Platforms.Build.0 = Debug|Any CPU
		{5742AB04-C9F9-4072-85AE-99E0E8A20845}.Debug|x86.ActiveCfg = Debug|Any CPU
		{5742AB04-C9F9-4072-85AE-99E0E8A20845}.Release|Any CPU.ActiveCfg = Release|Any CPU
		{5742AB04-C9F9-4072-85AE-99E0E8A20845}.Release|Any CPU.Build.0 = Release|Any CPU
		{5742AB04-C9F9-4072-85AE-99E0E8A20845}.Release|Mixed Platforms.ActiveCfg = Release|Any CPU
		{5742AB04-C9F9-4072-85AE-99E0E8A20845}.Release|Mixed Platforms.Build.0 = Release|Any CPU
		{5742AB04-C9F9-4072-85AE-99E0E8A20845}.Release|x86.ActiveCfg = Release|Any CPU
		{9A645545-C07A-4C9C-8B45-E4031C81E9ED}.Debug|Any CPU.ActiveCfg = Debug|x86
		{9A645545-C07A-4C9C-8B45-E4031C81E9ED}.Debug|Mixed Platforms.ActiveCfg = Debug|x86
		{9A645545-C07A-4C9C-8B45-E4031C81E9ED}.Debug|Mixed Platforms.Build.0 = Debug|x86
		{9A645545-C07A-4C9C-8B45-E4031C81E9ED}.Debug|x86.ActiveCfg = Debug|x86
		{9A645545-C07A-4C9C-8B45-E4031C81E9ED}.Debug|x86.Build.0 = Debug|x86
		{9A645545-C07A-4C9C-8B45-E4031C81E9ED}.Release|Any CPU.ActiveCfg = Release|x86
		{9A645545-C07A-4C9C-8B45-E4031C81E9ED}.Release|Mixed Platforms.ActiveCfg = Release|x86
		{9A645545-C07A-4C9C-8B45-E4031C81E9ED}.Release|Mixed Platforms.Build.0 = Release|x86
		{9A645545-C07A-4C9C-8B45-E4031C81E9ED}.Release|x86.ActiveCfg = Release|x86
		{9A645545-C07A-4C9C-8B45-E4031C81E9ED}.Release|x86.Build.0 = Release|x86
	EndGlobalSection
	GlobalSection(SolutionProperties) = preSolution
		HideSolutionNode = FALSE
	EndGlobalSection
	GlobalSection(NestedProjects) = preSolution
		{C70BD631-2D71-4A67-A1AA-636FD72E9854} = {3AD53C5D-6319-4B4B-827E-91663565B5D3}
		{13F5DBD9-DC19-4B7B-8169-A0B196A28075} = {02421347-838D-406A-BF23-1842C3A9CAFD}
		{31921965-E54C-40F7-8A3B-87EA9B2B284B} = {02421347-838D-406A-BF23-1842C3A9CAFD}
		{5742AB04-C9F9-4072-85AE-99E0E8A20845} = {87916303-6EFE-4F9A-A961-9C3A3ABD3D28}
		{9A645545-C07A-4C9C-8B45-E4031C81E9ED} = {87916303-6EFE-4F9A-A961-9C3A3ABD3D28}
		{95A24AF0-831D-402B-9D73-ED86FBE9F3F1} = {F7A11F7E-53E0-48F3-B9FA-F22AAE8A8D91}
		{CDAEF610-036E-4C16-A324-52C286642CC8} = {0DA986DB-BB4E-446C-A8BA-24FDA4243277}
		{69DE6E91-84C0-4C80-8AB3-A867A32847BD} = {0DA986DB-BB4E-446C-A8BA-24FDA4243277}
	EndGlobalSection
EndGlobal
